
Microsoft Visual Studio Solution File, Format Version 12.00
# Visual Studio Version 17
VisualStudioVersion = 17.9.34728.123
MinimumVisualStudioVersion = 10.0.40219.1
Project("{2150E333-8FDC-42A3-9474-1A3956D46DE8}") = "Source", "Source", "{303BBBBD-F724-457F-858F-D88AFE1C7979}"
EndProject
Project("{2150E333-8FDC-42A3-9474-1A3956D46DE8}") = "API", "API", "{DB88FABC-B931-4D7D-928B-2C1D53F6DC39}"
EndProject
Project("{2150E333-8FDC-42A3-9474-1A3956D46DE8}") = "Core", "Core", "{D09DF845-4B10-4F6A-86A9-8C0CB97EA295}"
EndProject
Project("{2150E333-8FDC-42A3-9474-1A3956D46DE8}") = "Infrastructure", "Infrastructure", "{952D94B3-D802-4498-858A-A3F2E12EF903}"
EndProject
Project("{2150E333-8FDC-42A3-9474-1A3956D46DE8}") = "UI", "UI", "{CF664F7D-5143-4AAB-B219-9A3A08392DB7}"
EndProject
Project("{9A19103F-16F7-4668-BE54-9A1E7A4F7556}") = "Inventory.Application", "Inventory.Application\Inventory.Application.csproj", "{7A16D99C-F1EE-482E-8343-4D6329E3BBDF}"
EndProject
Project("{9A19103F-16F7-4668-BE54-9A1E7A4F7556}") = "Inventory.Domain", "Inventory.Domain\Inventory.Domain.csproj", "{0BAAD22E-2C39-4269-AFC2-F94F5EFBEF76}"
EndProject
Project("{9A19103F-16F7-4668-BE54-9A1E7A4F7556}") = "Inventory.InfrastructureServices", "Inventory.InfrastructureServices\Inventory.InfrastructureServices.csproj", "{F8B90139-6128-45D2-B5A2-F0D0D8555120}"
EndProject
Project("{9A19103F-16F7-4668-BE54-9A1E7A4F7556}") = "Inventory.PersistenceService", "Inventory.PersistenceService\Inventory.PersistenceService.csproj", "{CA3064A4-BAF5-4BFB-A747-72C69AF8272A}"
EndProject
Project("{9A19103F-16F7-4668-BE54-9A1E7A4F7556}") = "Inventory.SuperAdmin.API", "Inventory.SuperAdmin.API\Inventory.SuperAdmin.API.csproj", "{801D70CA-B6B3-49B4-9A69-F486D8A491BD}"
EndProject
Project("{2150E333-8FDC-42A3-9474-1A3956D46DE8}") = "Logging", "Logging", "{FF2FB788-2B8B-4E1A-B089-289A8C33C4E6}"
EndProject
Project("{FAE04EC0-301F-11D3-BF4B-00C04F79EFBC}") = "Inventory.Logging", "Inventory.Logging\Inventory.Logging.csproj", "{8DD40855-ADE5-4F6A-8305-89E2584397CD}"
EndProject
Global
	GlobalSection(SolutionConfigurationPlatforms) = preSolution
		Debug|Any CPU = Debug|Any CPU
		Release|Any CPU = Release|Any CPU
	EndGlobalSection
	GlobalSection(ProjectConfigurationPlatforms) = postSolution
		{7A16D99C-F1EE-482E-8343-4D6329E3BBDF}.Debug|Any CPU.ActiveCfg = Debug|Any CPU
		{7A16D99C-F1EE-482E-8343-4D6329E3BBDF}.Debug|Any CPU.Build.0 = Debug|Any CPU
		{7A16D99C-F1EE-482E-8343-4D6329E3BBDF}.Release|Any CPU.ActiveCfg = Release|Any CPU
		{7A16D99C-F1EE-482E-8343-4D6329E3BBDF}.Release|Any CPU.Build.0 = Release|Any CPU
		{0BAAD22E-2C39-4269-AFC2-F94F5EFBEF76}.Debug|Any CPU.ActiveCfg = Debug|Any CPU
		{0BAAD22E-2C39-4269-AFC2-F94F5EFBEF76}.Debug|Any CPU.Build.0 = Debug|Any CPU
		{0BAAD22E-2C39-4269-AFC2-F94F5EFBEF76}.Release|Any CPU.ActiveCfg = Release|Any CPU
		{0BAAD22E-2C39-4269-AFC2-F94F5EFBEF76}.Release|Any CPU.Build.0 = Release|Any CPU
		{F8B90139-6128-45D2-B5A2-F0D0D8555120}.Debug|Any CPU.ActiveCfg = Debug|Any CPU
		{F8B90139-6128-45D2-B5A2-F0D0D8555120}.Debug|Any CPU.Build.0 = Debug|Any CPU
		{F8B90139-6128-45D2-B5A2-F0D0D8555120}.Release|Any CPU.ActiveCfg = Release|Any CPU
		{F8B90139-6128-45D2-B5A2-F0D0D8555120}.Release|Any CPU.Build.0 = Release|Any CPU
		{CA3064A4-BAF5-4BFB-A747-72C69AF8272A}.Debug|Any CPU.ActiveCfg = Debug|Any CPU
		{CA3064A4-BAF5-4BFB-A747-72C69AF8272A}.Debug|Any CPU.Build.0 = Debug|Any CPU
		{CA3064A4-BAF5-4BFB-A747-72C69AF8272A}.Release|Any CPU.ActiveCfg = Release|Any CPU
		{CA3064A4-BAF5-4BFB-A747-72C69AF8272A}.Release|Any CPU.Build.0 = Release|Any CPU
		{801D70CA-B6B3-49B4-9A69-F486D8A491BD}.Debug|Any CPU.ActiveCfg = Debug|Any CPU
		{801D70CA-B6B3-49B4-9A69-F486D8A491BD}.Debug|Any CPU.Build.0 = Debug|Any CPU
		{801D70CA-B6B3-49B4-9A69-F486D8A491BD}.Release|Any CPU.ActiveCfg = Release|Any CPU
		{801D70CA-B6B3-49B4-9A69-F486D8A491BD}.Release|Any CPU.Build.0 = Release|Any CPU
		{8DD40855-ADE5-4F6A-8305-89E2584397CD}.Debug|Any CPU.ActiveCfg = Debug|Any CPU
		{8DD40855-ADE5-4F6A-8305-89E2584397CD}.Debug|Any CPU.Build.0 = Debug|Any CPU
		{8DD40855-ADE5-4F6A-8305-89E2584397CD}.Release|Any CPU.ActiveCfg = Release|Any CPU
		{8DD40855-ADE5-4F6A-8305-89E2584397CD}.Release|Any CPU.Build.0 = Release|Any CPU
	EndGlobalSection
	GlobalSection(SolutionProperties) = preSolution
		HideSolutionNode = FALSE
	EndGlobalSection
	GlobalSection(NestedProjects) = preSolution
		{DB88FABC-B931-4D7D-928B-2C1D53F6DC39} = {303BBBBD-F724-457F-858F-D88AFE1C7979}
		{D09DF845-4B10-4F6A-86A9-8C0CB97EA295} = {303BBBBD-F724-457F-858F-D88AFE1C7979}
		{952D94B3-D802-4498-858A-A3F2E12EF903} = {303BBBBD-F724-457F-858F-D88AFE1C7979}
		{CF664F7D-5143-4AAB-B219-9A3A08392DB7} = {303BBBBD-F724-457F-858F-D88AFE1C7979}
		{7A16D99C-F1EE-482E-8343-4D6329E3BBDF} = {D09DF845-4B10-4F6A-86A9-8C0CB97EA295}
		{0BAAD22E-2C39-4269-AFC2-F94F5EFBEF76} = {D09DF845-4B10-4F6A-86A9-8C0CB97EA295}
		{F8B90139-6128-45D2-B5A2-F0D0D8555120} = {952D94B3-D802-4498-858A-A3F2E12EF903}
		{CA3064A4-BAF5-4BFB-A747-72C69AF8272A} = {952D94B3-D802-4498-858A-A3F2E12EF903}
		{801D70CA-B6B3-49B4-9A69-F486D8A491BD} = {DB88FABC-B931-4D7D-928B-2C1D53F6DC39}
		{FF2FB788-2B8B-4E1A-B089-289A8C33C4E6} = {303BBBBD-F724-457F-858F-D88AFE1C7979}
		{8DD40855-ADE5-4F6A-8305-89E2584397CD} = {FF2FB788-2B8B-4E1A-B089-289A8C33C4E6}
	EndGlobalSection
	GlobalSection(ExtensibilityGlobals) = postSolution
		SolutionGuid = {10F54A0C-CC20-4409-BD24-A337979E7FCD}
	EndGlobalSection
EndGlobal
